// !$*UTF8*$!
{
	archiveVersion = 1;
	classes = {
	};
	objectVersion = 56;
	objects = {

/* Begin PBXBuildFile section */
		7D944F8C29B120E400FB33CA /* AppDelegate.swift in Sources */ = {isa = PBXBuildFile; fileRef = 7D944F8B29B120E400FB33CA /* AppDelegate.swift */; };
		7D944F8E29B120E400FB33CA /* SceneDelegate.swift in Sources */ = {isa = PBXBuildFile; fileRef = 7D944F8D29B120E400FB33CA /* SceneDelegate.swift */; };
		7D944F9029B120E400FB33CA /* HomeViewController.swift in Sources */ = {isa = PBXBuildFile; fileRef = 7D944F8F29B120E400FB33CA /* HomeViewController.swift */; };
		7D944F9529B120E500FB33CA /* Assets.xcassets in Resources */ = {isa = PBXBuildFile; fileRef = 7D944F9429B120E500FB33CA /* Assets.xcassets */; };
		7D944FA329B120E500FB33CA /* FTSearchTestLBCTests.swift in Sources */ = {isa = PBXBuildFile; fileRef = 7D944FA229B120E500FB33CA /* FTSearchTestLBCTests.swift */; };
		7D944FAD29B120E500FB33CA /* FTSearchTestLBCUITests.swift in Sources */ = {isa = PBXBuildFile; fileRef = 7D944FAC29B120E500FB33CA /* FTSearchTestLBCUITests.swift */; };
		7D944FAF29B120E500FB33CA /* FTSearchTestLBCUITestsLaunchTests.swift in Sources */ = {isa = PBXBuildFile; fileRef = 7D944FAE29B120E500FB33CA /* FTSearchTestLBCUITestsLaunchTests.swift */; };
		7D944FBD29B1DD6600FB33CA /* ParameterEncoderProtocol.swift in Sources */ = {isa = PBXBuildFile; fileRef = 7D944FBC29B1DD6600FB33CA /* ParameterEncoderProtocol.swift */; };
		7D944FBF29B1DDF000FB33CA /* NetworkError.swift in Sources */ = {isa = PBXBuildFile; fileRef = 7D944FBE29B1DDF000FB33CA /* NetworkError.swift */; };
		7D944FC129B1DE5100FB33CA /* NetworkRequest.swift in Sources */ = {isa = PBXBuildFile; fileRef = 7D944FC029B1DE5100FB33CA /* NetworkRequest.swift */; };
		7D944FC329B1DF7D00FB33CA /* JSONParameterEncoder.swift in Sources */ = {isa = PBXBuildFile; fileRef = 7D944FC229B1DF7D00FB33CA /* JSONParameterEncoder.swift */; };
		7D944FC529B1DFEC00FB33CA /* URLParameterEncoder.swift in Sources */ = {isa = PBXBuildFile; fileRef = 7D944FC429B1DFEC00FB33CA /* URLParameterEncoder.swift */; };
		7D944FCA29B2286800FB33CA /* DynamicValue.swift in Sources */ = {isa = PBXBuildFile; fileRef = 7D944FC929B2286800FB33CA /* DynamicValue.swift */; };
		7D944FCC29B2328500FB33CA /* ImageLoader.swift in Sources */ = {isa = PBXBuildFile; fileRef = 7D944FCB29B2328500FB33CA /* ImageLoader.swift */; };
		7D944FCE29B235D100FB33CA /* TableViewModel.swift in Sources */ = {isa = PBXBuildFile; fileRef = 7D944FCD29B235D100FB33CA /* TableViewModel.swift */; };
		7D944FD329B236E100FB33CA /* AnnouncementListService.swift in Sources */ = {isa = PBXBuildFile; fileRef = 7D944FD229B236E100FB33CA /* AnnouncementListService.swift */; };
		7D944FD629B2383C00FB33CA /* LBCCategory.swift in Sources */ = {isa = PBXBuildFile; fileRef = 7D944FD529B2383C00FB33CA /* LBCCategory.swift */; };
		7D944FD829B2385800FB33CA /* LBCAnnouncement.swift in Sources */ = {isa = PBXBuildFile; fileRef = 7D944FD729B2385800FB33CA /* LBCAnnouncement.swift */; };
		7D944FDC29B239F900FB33CA /* AnnouncementAPIRequest.swift in Sources */ = {isa = PBXBuildFile; fileRef = 7D944FDB29B239F900FB33CA /* AnnouncementAPIRequest.swift */; };
		7D944FDF29B23ACB00FB33CA /* APIConfig.swift in Sources */ = {isa = PBXBuildFile; fileRef = 7D944FDE29B23ACB00FB33CA /* APIConfig.swift */; };
		7D944FE129B23EFE00FB33CA /* LBCCategoriesAPIRequest.swift in Sources */ = {isa = PBXBuildFile; fileRef = 7D944FE029B23EFE00FB33CA /* LBCCategoriesAPIRequest.swift */; };
		7D944FE329B2400800FB33CA /* AnnouncementListViewModel.swift in Sources */ = {isa = PBXBuildFile; fileRef = 7D944FE229B2400800FB33CA /* AnnouncementListViewModel.swift */; };
		7D944FE529B2402900FB33CA /* AnnouncementListViewController.swift in Sources */ = {isa = PBXBuildFile; fileRef = 7D944FE429B2402900FB33CA /* AnnouncementListViewController.swift */; };
		7D944FE829B2405200FB33CA /* AnnouncementListCell.swift in Sources */ = {isa = PBXBuildFile; fileRef = 7D944FE729B2405200FB33CA /* AnnouncementListCell.swift */; };
		7D944FEA29B2453C00FB33CA /* AnnouncementListWorker.swift in Sources */ = {isa = PBXBuildFile; fileRef = 7D944FE929B2453C00FB33CA /* AnnouncementListWorker.swift */; };
		7D944FEC29B2480400FB33CA /* String+Extension.swift in Sources */ = {isa = PBXBuildFile; fileRef = 7D944FEB29B2480400FB33CA /* String+Extension.swift */; };
		7D944FEE29B24DF300FB33CA /* AnnouncementListConfigurator.swift in Sources */ = {isa = PBXBuildFile; fileRef = 7D944FED29B24DF300FB33CA /* AnnouncementListConfigurator.swift */; };
		7D944FF029B24E8600FB33CA /* AnnouncementListDataSource.swift in Sources */ = {isa = PBXBuildFile; fileRef = 7D944FEF29B24E8600FB33CA /* AnnouncementListDataSource.swift */; };
		7D944FF229B251D700FB33CA /* AnnoucementDetailsViewController.swift in Sources */ = {isa = PBXBuildFile; fileRef = 7D944FF129B251D700FB33CA /* AnnoucementDetailsViewController.swift */; };
		7D944FF629B2556B00FB33CA /* FilterTableViewController.swift in Sources */ = {isa = PBXBuildFile; fileRef = 7D944FF529B2556B00FB33CA /* FilterTableViewController.swift */; };
		7D944FF829B2667200FB33CA /* UILabel+Extension.swift in Sources */ = {isa = PBXBuildFile; fileRef = 7D944FF729B2667200FB33CA /* UILabel+Extension.swift */; };
/* End PBXBuildFile section */

/* Begin PBXContainerItemProxy section */
		7D944F9F29B120E500FB33CA /* PBXContainerItemProxy */ = {
			isa = PBXContainerItemProxy;
			containerPortal = 7D944F8029B120E400FB33CA /* Project object */;
			proxyType = 1;
			remoteGlobalIDString = 7D944F8729B120E400FB33CA;
			remoteInfo = FTSearchTestLBC;
		};
		7D944FA929B120E500FB33CA /* PBXContainerItemProxy */ = {
			isa = PBXContainerItemProxy;
			containerPortal = 7D944F8029B120E400FB33CA /* Project object */;
			proxyType = 1;
			remoteGlobalIDString = 7D944F8729B120E400FB33CA;
			remoteInfo = FTSearchTestLBC;
		};
/* End PBXContainerItemProxy section */

/* Begin PBXFileReference section */
		7D944F8829B120E400FB33CA /* FTSearchTestLBC.app */ = {isa = PBXFileReference; explicitFileType = wrapper.application; includeInIndex = 0; path = FTSearchTestLBC.app; sourceTree = BUILT_PRODUCTS_DIR; };
		7D944F8B29B120E400FB33CA /* AppDelegate.swift */ = {isa = PBXFileReference; lastKnownFileType = sourcecode.swift; path = AppDelegate.swift; sourceTree = "<group>"; };
		7D944F8D29B120E400FB33CA /* SceneDelegate.swift */ = {isa = PBXFileReference; lastKnownFileType = sourcecode.swift; path = SceneDelegate.swift; sourceTree = "<group>"; };
		7D944F8F29B120E400FB33CA /* HomeViewController.swift */ = {isa = PBXFileReference; lastKnownFileType = sourcecode.swift; path = HomeViewController.swift; sourceTree = "<group>"; };
		7D944F9429B120E500FB33CA /* Assets.xcassets */ = {isa = PBXFileReference; lastKnownFileType = folder.assetcatalog; path = Assets.xcassets; sourceTree = "<group>"; };
		7D944F9929B120E500FB33CA /* Info.plist */ = {isa = PBXFileReference; lastKnownFileType = text.plist.xml; path = Info.plist; sourceTree = "<group>"; };
		7D944F9E29B120E500FB33CA /* FTSearchTestLBCTests.xctest */ = {isa = PBXFileReference; explicitFileType = wrapper.cfbundle; includeInIndex = 0; path = FTSearchTestLBCTests.xctest; sourceTree = BUILT_PRODUCTS_DIR; };
		7D944FA229B120E500FB33CA /* FTSearchTestLBCTests.swift */ = {isa = PBXFileReference; lastKnownFileType = sourcecode.swift; path = FTSearchTestLBCTests.swift; sourceTree = "<group>"; };
		7D944FA829B120E500FB33CA /* FTSearchTestLBCUITests.xctest */ = {isa = PBXFileReference; explicitFileType = wrapper.cfbundle; includeInIndex = 0; path = FTSearchTestLBCUITests.xctest; sourceTree = BUILT_PRODUCTS_DIR; };
		7D944FAC29B120E500FB33CA /* FTSearchTestLBCUITests.swift */ = {isa = PBXFileReference; lastKnownFileType = sourcecode.swift; path = FTSearchTestLBCUITests.swift; sourceTree = "<group>"; };
		7D944FAE29B120E500FB33CA /* FTSearchTestLBCUITestsLaunchTests.swift */ = {isa = PBXFileReference; lastKnownFileType = sourcecode.swift; path = FTSearchTestLBCUITestsLaunchTests.swift; sourceTree = "<group>"; };
		7D944FBC29B1DD6600FB33CA /* ParameterEncoderProtocol.swift */ = {isa = PBXFileReference; lastKnownFileType = sourcecode.swift; path = ParameterEncoderProtocol.swift; sourceTree = "<group>"; };
		7D944FBE29B1DDF000FB33CA /* NetworkError.swift */ = {isa = PBXFileReference; lastKnownFileType = sourcecode.swift; path = NetworkError.swift; sourceTree = "<group>"; };
		7D944FC029B1DE5100FB33CA /* NetworkRequest.swift */ = {isa = PBXFileReference; lastKnownFileType = sourcecode.swift; path = NetworkRequest.swift; sourceTree = "<group>"; };
		7D944FC229B1DF7D00FB33CA /* JSONParameterEncoder.swift */ = {isa = PBXFileReference; lastKnownFileType = sourcecode.swift; path = JSONParameterEncoder.swift; sourceTree = "<group>"; };
		7D944FC429B1DFEC00FB33CA /* URLParameterEncoder.swift */ = {isa = PBXFileReference; lastKnownFileType = sourcecode.swift; path = URLParameterEncoder.swift; sourceTree = "<group>"; };
		7D944FC929B2286800FB33CA /* DynamicValue.swift */ = {isa = PBXFileReference; lastKnownFileType = sourcecode.swift; path = DynamicValue.swift; sourceTree = "<group>"; };
		7D944FCB29B2328500FB33CA /* ImageLoader.swift */ = {isa = PBXFileReference; lastKnownFileType = sourcecode.swift; path = ImageLoader.swift; sourceTree = "<group>"; };
		7D944FCD29B235D100FB33CA /* TableViewModel.swift */ = {isa = PBXFileReference; lastKnownFileType = sourcecode.swift; path = TableViewModel.swift; sourceTree = "<group>"; };
		7D944FD229B236E100FB33CA /* AnnouncementListService.swift */ = {isa = PBXFileReference; lastKnownFileType = sourcecode.swift; path = AnnouncementListService.swift; sourceTree = "<group>"; };
		7D944FD529B2383C00FB33CA /* LBCCategory.swift */ = {isa = PBXFileReference; lastKnownFileType = sourcecode.swift; path = LBCCategory.swift; sourceTree = "<group>"; };
		7D944FD729B2385800FB33CA /* LBCAnnouncement.swift */ = {isa = PBXFileReference; lastKnownFileType = sourcecode.swift; path = LBCAnnouncement.swift; sourceTree = "<group>"; };
		7D944FDB29B239F900FB33CA /* AnnouncementAPIRequest.swift */ = {isa = PBXFileReference; lastKnownFileType = sourcecode.swift; path = AnnouncementAPIRequest.swift; sourceTree = "<group>"; };
		7D944FDE29B23ACB00FB33CA /* APIConfig.swift */ = {isa = PBXFileReference; lastKnownFileType = sourcecode.swift; path = APIConfig.swift; sourceTree = "<group>"; };
		7D944FE029B23EFE00FB33CA /* LBCCategoriesAPIRequest.swift */ = {isa = PBXFileReference; lastKnownFileType = sourcecode.swift; path = LBCCategoriesAPIRequest.swift; sourceTree = "<group>"; };
		7D944FE229B2400800FB33CA /* AnnouncementListViewModel.swift */ = {isa = PBXFileReference; lastKnownFileType = sourcecode.swift; path = AnnouncementListViewModel.swift; sourceTree = "<group>"; };
		7D944FE429B2402900FB33CA /* AnnouncementListViewController.swift */ = {isa = PBXFileReference; lastKnownFileType = sourcecode.swift; path = AnnouncementListViewController.swift; sourceTree = "<group>"; };
		7D944FE729B2405200FB33CA /* AnnouncementListCell.swift */ = {isa = PBXFileReference; lastKnownFileType = sourcecode.swift; path = AnnouncementListCell.swift; sourceTree = "<group>"; };
		7D944FE929B2453C00FB33CA /* AnnouncementListWorker.swift */ = {isa = PBXFileReference; lastKnownFileType = sourcecode.swift; path = AnnouncementListWorker.swift; sourceTree = "<group>"; };
		7D944FEB29B2480400FB33CA /* String+Extension.swift */ = {isa = PBXFileReference; lastKnownFileType = sourcecode.swift; path = "String+Extension.swift"; sourceTree = "<group>"; };
		7D944FED29B24DF300FB33CA /* AnnouncementListConfigurator.swift */ = {isa = PBXFileReference; lastKnownFileType = sourcecode.swift; path = AnnouncementListConfigurator.swift; sourceTree = "<group>"; };
		7D944FEF29B24E8600FB33CA /* AnnouncementListDataSource.swift */ = {isa = PBXFileReference; lastKnownFileType = sourcecode.swift; path = AnnouncementListDataSource.swift; sourceTree = "<group>"; };
		7D944FF129B251D700FB33CA /* AnnoucementDetailsViewController.swift */ = {isa = PBXFileReference; lastKnownFileType = sourcecode.swift; path = AnnoucementDetailsViewController.swift; sourceTree = "<group>"; };
		7D944FF529B2556B00FB33CA /* FilterTableViewController.swift */ = {isa = PBXFileReference; lastKnownFileType = sourcecode.swift; path = FilterTableViewController.swift; sourceTree = "<group>"; };
		7D944FF729B2667200FB33CA /* UILabel+Extension.swift */ = {isa = PBXFileReference; lastKnownFileType = sourcecode.swift; path = "UILabel+Extension.swift"; sourceTree = "<group>"; };
/* End PBXFileReference section */

/* Begin PBXFrameworksBuildPhase section */
		7D944F8529B120E400FB33CA /* Frameworks */ = {
			isa = PBXFrameworksBuildPhase;
			buildActionMask = 2147483647;
			files = (
			);
			runOnlyForDeploymentPostprocessing = 0;
		};
		7D944F9B29B120E500FB33CA /* Frameworks */ = {
			isa = PBXFrameworksBuildPhase;
			buildActionMask = 2147483647;
			files = (
			);
			runOnlyForDeploymentPostprocessing = 0;
		};
		7D944FA529B120E500FB33CA /* Frameworks */ = {
			isa = PBXFrameworksBuildPhase;
			buildActionMask = 2147483647;
			files = (
			);
			runOnlyForDeploymentPostprocessing = 0;
		};
/* End PBXFrameworksBuildPhase section */

/* Begin PBXGroup section */
		7D944F7F29B120E400FB33CA = {
			isa = PBXGroup;
			children = (
				7D944F8A29B120E400FB33CA /* FTSearchTestLBC */,
				7D944FA129B120E500FB33CA /* FTSearchTestLBCTests */,
				7D944FAB29B120E500FB33CA /* FTSearchTestLBCUITests */,
				7D944F8929B120E400FB33CA /* Products */,
			);
			sourceTree = "<group>";
		};
		7D944F8929B120E400FB33CA /* Products */ = {
			isa = PBXGroup;
			children = (
				7D944F8829B120E400FB33CA /* FTSearchTestLBC.app */,
				7D944F9E29B120E500FB33CA /* FTSearchTestLBCTests.xctest */,
				7D944FA829B120E500FB33CA /* FTSearchTestLBCUITests.xctest */,
			);
			name = Products;
			sourceTree = "<group>";
		};
		7D944F8A29B120E400FB33CA /* FTSearchTestLBC */ = {
			isa = PBXGroup;
			children = (
				7D944FD429B2382300FB33CA /* Entities */,
				7D944FCF29B2366100FB33CA /* Scenes */,
				7D944FC829B2285000FB33CA /* Utils */,
				7D944FBB29B1DD3900FB33CA /* Network */,
				7D944F8B29B120E400FB33CA /* AppDelegate.swift */,
				7D944F8D29B120E400FB33CA /* SceneDelegate.swift */,
				7D944F8F29B120E400FB33CA /* HomeViewController.swift */,
				7D944F9429B120E500FB33CA /* Assets.xcassets */,
				7D944F9929B120E500FB33CA /* Info.plist */,
			);
			path = FTSearchTestLBC;
			sourceTree = "<group>";
		};
		7D944FA129B120E500FB33CA /* FTSearchTestLBCTests */ = {
			isa = PBXGroup;
			children = (
				7D944FA229B120E500FB33CA /* FTSearchTestLBCTests.swift */,
			);
			path = FTSearchTestLBCTests;
			sourceTree = "<group>";
		};
		7D944FAB29B120E500FB33CA /* FTSearchTestLBCUITests */ = {
			isa = PBXGroup;
			children = (
				7D944FAC29B120E500FB33CA /* FTSearchTestLBCUITests.swift */,
				7D944FAE29B120E500FB33CA /* FTSearchTestLBCUITestsLaunchTests.swift */,
			);
			path = FTSearchTestLBCUITests;
			sourceTree = "<group>";
		};
		7D944FBB29B1DD3900FB33CA /* Network */ = {
			isa = PBXGroup;
			children = (
				7D944FDD29B23AB600FB33CA /* APIConfig */,
				7D944FDA29B239D300FB33CA /* APIRequests */,
				7D944FD929B238E700FB33CA /* Shared */,
			);
			path = Network;
			sourceTree = "<group>";
		};
		7D944FC829B2285000FB33CA /* Utils */ = {
			isa = PBXGroup;
			children = (
				7D944FC929B2286800FB33CA /* DynamicValue.swift */,
				7D944FCB29B2328500FB33CA /* ImageLoader.swift */,
				7D944FCD29B235D100FB33CA /* TableViewModel.swift */,
				7D944FEB29B2480400FB33CA /* String+Extension.swift */,
				7D944FF729B2667200FB33CA /* UILabel+Extension.swift */,
			);
			path = Utils;
			sourceTree = "<group>";
		};
		7D944FCF29B2366100FB33CA /* Scenes */ = {
			isa = PBXGroup;
			children = (
				7D944FD029B2366900FB33CA /* AnnouncementList */,
				7D944FD129B2367C00FB33CA /* AnnouncementDetails */,
			);
			path = Scenes;
			sourceTree = "<group>";
		};
		7D944FD029B2366900FB33CA /* AnnouncementList */ = {
			isa = PBXGroup;
			children = (
				7D944FF429B2552900FB33CA /* Filter */,
				7D944FE629B2403300FB33CA /* Cells */,
				7D944FD229B236E100FB33CA /* AnnouncementListService.swift */,
				7D944FE229B2400800FB33CA /* AnnouncementListViewModel.swift */,
				7D944FE429B2402900FB33CA /* AnnouncementListViewController.swift */,
				7D944FE929B2453C00FB33CA /* AnnouncementListWorker.swift */,
				7D944FED29B24DF300FB33CA /* AnnouncementListConfigurator.swift */,
				7D944FEF29B24E8600FB33CA /* AnnouncementListDataSource.swift */,
			);
			path = AnnouncementList;
			sourceTree = "<group>";
		};
		7D944FD129B2367C00FB33CA /* AnnouncementDetails */ = {
			isa = PBXGroup;
			children = (
				7D944FF329B2524100FB33CA /* Views */,
				7D944FF129B251D700FB33CA /* AnnoucementDetailsViewController.swift */,
			);
			path = AnnouncementDetails;
			sourceTree = "<group>";
		};
		7D944FD429B2382300FB33CA /* Entities */ = {
			isa = PBXGroup;
			children = (
				7D944FD529B2383C00FB33CA /* LBCCategory.swift */,
				7D944FD729B2385800FB33CA /* LBCAnnouncement.swift */,
			);
			path = Entities;
			sourceTree = "<group>";
		};
		7D944FD929B238E700FB33CA /* Shared */ = {
			isa = PBXGroup;
			children = (
				7D944FBC29B1DD6600FB33CA /* ParameterEncoderProtocol.swift */,
				7D944FC229B1DF7D00FB33CA /* JSONParameterEncoder.swift */,
				7D944FC429B1DFEC00FB33CA /* URLParameterEncoder.swift */,
				7D944FBE29B1DDF000FB33CA /* NetworkError.swift */,
				7D944FC029B1DE5100FB33CA /* NetworkRequest.swift */,
			);
			path = Shared;
			sourceTree = "<group>";
		};
		7D944FDA29B239D300FB33CA /* APIRequests */ = {
			isa = PBXGroup;
			children = (
				7D944FDB29B239F900FB33CA /* AnnouncementAPIRequest.swift */,
				7D944FE029B23EFE00FB33CA /* LBCCategoriesAPIRequest.swift */,
			);
			path = APIRequests;
			sourceTree = "<group>";
		};
		7D944FDD29B23AB600FB33CA /* APIConfig */ = {
			isa = PBXGroup;
			children = (
				7D944FDE29B23ACB00FB33CA /* APIConfig.swift */,
			);
			path = APIConfig;
			sourceTree = "<group>";
		};
		7D944FE629B2403300FB33CA /* Cells */ = {
			isa = PBXGroup;
			children = (
				7D944FE729B2405200FB33CA /* AnnouncementListCell.swift */,
			);
			path = Cells;
			sourceTree = "<group>";
		};
		7D944FF329B2524100FB33CA /* Views */ = {
			isa = PBXGroup;
			children = (
			);
			path = Views;
			sourceTree = "<group>";
		};
		7D944FF429B2552900FB33CA /* Filter */ = {
			isa = PBXGroup;
			children = (
				7D944FF529B2556B00FB33CA /* FilterTableViewController.swift */,
			);
			path = Filter;
			sourceTree = "<group>";
		};
/* End PBXGroup section */

/* Begin PBXNativeTarget section */
		7D944F8729B120E400FB33CA /* FTSearchTestLBC */ = {
			isa = PBXNativeTarget;
			buildConfigurationList = 7D944FB229B120E500FB33CA /* Build configuration list for PBXNativeTarget "FTSearchTestLBC" */;
			buildPhases = (
				7D944F8429B120E400FB33CA /* Sources */,
				7D944F8529B120E400FB33CA /* Frameworks */,
				7D944F8629B120E400FB33CA /* Resources */,
			);
			buildRules = (
			);
			dependencies = (
			);
			name = FTSearchTestLBC;
			productName = FTSearchTestLBC;
			productReference = 7D944F8829B120E400FB33CA /* FTSearchTestLBC.app */;
			productType = "com.apple.product-type.application";
		};
		7D944F9D29B120E500FB33CA /* FTSearchTestLBCTests */ = {
			isa = PBXNativeTarget;
			buildConfigurationList = 7D944FB529B120E500FB33CA /* Build configuration list for PBXNativeTarget "FTSearchTestLBCTests" */;
			buildPhases = (
				7D944F9A29B120E500FB33CA /* Sources */,
				7D944F9B29B120E500FB33CA /* Frameworks */,
				7D944F9C29B120E500FB33CA /* Resources */,
			);
			buildRules = (
			);
			dependencies = (
				7D944FA029B120E500FB33CA /* PBXTargetDependency */,
			);
			name = FTSearchTestLBCTests;
			productName = FTSearchTestLBCTests;
			productReference = 7D944F9E29B120E500FB33CA /* FTSearchTestLBCTests.xctest */;
			productType = "com.apple.product-type.bundle.unit-test";
		};
		7D944FA729B120E500FB33CA /* FTSearchTestLBCUITests */ = {
			isa = PBXNativeTarget;
			buildConfigurationList = 7D944FB829B120E500FB33CA /* Build configuration list for PBXNativeTarget "FTSearchTestLBCUITests" */;
			buildPhases = (
				7D944FA429B120E500FB33CA /* Sources */,
				7D944FA529B120E500FB33CA /* Frameworks */,
				7D944FA629B120E500FB33CA /* Resources */,
			);
			buildRules = (
			);
			dependencies = (
				7D944FAA29B120E500FB33CA /* PBXTargetDependency */,
			);
			name = FTSearchTestLBCUITests;
			productName = FTSearchTestLBCUITests;
			productReference = 7D944FA829B120E500FB33CA /* FTSearchTestLBCUITests.xctest */;
			productType = "com.apple.product-type.bundle.ui-testing";
		};
/* End PBXNativeTarget section */

/* Begin PBXProject section */
		7D944F8029B120E400FB33CA /* Project object */ = {
			isa = PBXProject;
			attributes = {
				BuildIndependentTargetsInParallel = 1;
				LastSwiftUpdateCheck = 1420;
				LastUpgradeCheck = 1420;
				TargetAttributes = {
					7D944F8729B120E400FB33CA = {
						CreatedOnToolsVersion = 14.2;
					};
					7D944F9D29B120E500FB33CA = {
						CreatedOnToolsVersion = 14.2;
						TestTargetID = 7D944F8729B120E400FB33CA;
					};
					7D944FA729B120E500FB33CA = {
						CreatedOnToolsVersion = 14.2;
						TestTargetID = 7D944F8729B120E400FB33CA;
					};
				};
			};
			buildConfigurationList = 7D944F8329B120E400FB33CA /* Build configuration list for PBXProject "FTSearchTestLBC" */;
			compatibilityVersion = "Xcode 14.0";
			developmentRegion = en;
			hasScannedForEncodings = 0;
			knownRegions = (
				en,
				Base,
			);
			mainGroup = 7D944F7F29B120E400FB33CA;
			productRefGroup = 7D944F8929B120E400FB33CA /* Products */;
			projectDirPath = "";
			projectRoot = "";
			targets = (
				7D944F8729B120E400FB33CA /* FTSearchTestLBC */,
				7D944F9D29B120E500FB33CA /* FTSearchTestLBCTests */,
				7D944FA729B120E500FB33CA /* FTSearchTestLBCUITests */,
			);
		};
/* End PBXProject section */

/* Begin PBXResourcesBuildPhase section */
		7D944F8629B120E400FB33CA /* Resources */ = {
			isa = PBXResourcesBuildPhase;
			buildActionMask = 2147483647;
			files = (
				7D944F9529B120E500FB33CA /* Assets.xcassets in Resources */,
			);
			runOnlyForDeploymentPostprocessing = 0;
		};
		7D944F9C29B120E500FB33CA /* Resources */ = {
			isa = PBXResourcesBuildPhase;
			buildActionMask = 2147483647;
			files = (
			);
			runOnlyForDeploymentPostprocessing = 0;
		};
		7D944FA629B120E500FB33CA /* Resources */ = {
			isa = PBXResourcesBuildPhase;
			buildActionMask = 2147483647;
			files = (
			);
			runOnlyForDeploymentPostprocessing = 0;
		};
/* End PBXResourcesBuildPhase section */

/* Begin PBXSourcesBuildPhase section */
		7D944F8429B120E400FB33CA /* Sources */ = {
			isa = PBXSourcesBuildPhase;
			buildActionMask = 2147483647;
			files = (
				7D944FD829B2385800FB33CA /* LBCAnnouncement.swift in Sources */,
				7D944FF029B24E8600FB33CA /* AnnouncementListDataSource.swift in Sources */,
				7D944FC529B1DFEC00FB33CA /* URLParameterEncoder.swift in Sources */,
				7D944FF229B251D700FB33CA /* AnnoucementDetailsViewController.swift in Sources */,
				7D944FBD29B1DD6600FB33CA /* ParameterEncoderProtocol.swift in Sources */,
				7D944FDC29B239F900FB33CA /* AnnouncementAPIRequest.swift in Sources */,
				7D944FCE29B235D100FB33CA /* TableViewModel.swift in Sources */,
				7D944FE529B2402900FB33CA /* AnnouncementListViewController.swift in Sources */,
				7D944FEE29B24DF300FB33CA /* AnnouncementListConfigurator.swift in Sources */,
				7D944FE329B2400800FB33CA /* AnnouncementListViewModel.swift in Sources */,
				7D944FE129B23EFE00FB33CA /* LBCCategoriesAPIRequest.swift in Sources */,
				7D944FCC29B2328500FB33CA /* ImageLoader.swift in Sources */,
				7D944FD329B236E100FB33CA /* AnnouncementListService.swift in Sources */,
				7D944F9029B120E400FB33CA /* HomeViewController.swift in Sources */,
				7D944FD629B2383C00FB33CA /* LBCCategory.swift in Sources */,
				7D944FEC29B2480400FB33CA /* String+Extension.swift in Sources */,
				7D944FE829B2405200FB33CA /* AnnouncementListCell.swift in Sources */,
				7D944FF829B2667200FB33CA /* UILabel+Extension.swift in Sources */,
				7D944F8C29B120E400FB33CA /* AppDelegate.swift in Sources */,
				7D944FDF29B23ACB00FB33CA /* APIConfig.swift in Sources */,
				7D944FEA29B2453C00FB33CA /* AnnouncementListWorker.swift in Sources */,
				7D944F8E29B120E400FB33CA /* SceneDelegate.swift in Sources */,
				7D944FF629B2556B00FB33CA /* FilterTableViewController.swift in Sources */,
				7D944FC129B1DE5100FB33CA /* NetworkRequest.swift in Sources */,
				7D944FC329B1DF7D00FB33CA /* JSONParameterEncoder.swift in Sources */,
				7D944FCA29B2286800FB33CA /* DynamicValue.swift in Sources */,
				7D944FBF29B1DDF000FB33CA /* NetworkError.swift in Sources */,
			);
			runOnlyForDeploymentPostprocessing = 0;
		};
		7D944F9A29B120E500FB33CA /* Sources */ = {
			isa = PBXSourcesBuildPhase;
			buildActionMask = 2147483647;
			files = (
				7D944FA329B120E500FB33CA /* FTSearchTestLBCTests.swift in Sources */,
			);
			runOnlyForDeploymentPostprocessing = 0;
		};
		7D944FA429B120E500FB33CA /* Sources */ = {
			isa = PBXSourcesBuildPhase;
			buildActionMask = 2147483647;
			files = (
				7D944FAF29B120E500FB33CA /* FTSearchTestLBCUITestsLaunchTests.swift in Sources */,
				7D944FAD29B120E500FB33CA /* FTSearchTestLBCUITests.swift in Sources */,
			);
			runOnlyForDeploymentPostprocessing = 0;
		};
/* End PBXSourcesBuildPhase section */

/* Begin PBXTargetDependency section */
		7D944FA029B120E500FB33CA /* PBXTargetDependency */ = {
			isa = PBXTargetDependency;
			target = 7D944F8729B120E400FB33CA /* FTSearchTestLBC */;
			targetProxy = 7D944F9F29B120E500FB33CA /* PBXContainerItemProxy */;
		};
		7D944FAA29B120E500FB33CA /* PBXTargetDependency */ = {
			isa = PBXTargetDependency;
			target = 7D944F8729B120E400FB33CA /* FTSearchTestLBC */;
			targetProxy = 7D944FA929B120E500FB33CA /* PBXContainerItemProxy */;
		};
/* End PBXTargetDependency section */

/* Begin XCBuildConfiguration section */
		7D944FB029B120E500FB33CA /* Debug */ = {
			isa = XCBuildConfiguration;
			buildSettings = {
				ALWAYS_SEARCH_USER_PATHS = NO;
				CLANG_ANALYZER_NONNULL = YES;
				CLANG_ANALYZER_NUMBER_OBJECT_CONVERSION = YES_AGGRESSIVE;
				CLANG_CXX_LANGUAGE_STANDARD = "gnu++20";
				CLANG_ENABLE_MODULES = YES;
				CLANG_ENABLE_OBJC_ARC = YES;
				CLANG_ENABLE_OBJC_WEAK = YES;
				CLANG_WARN_BLOCK_CAPTURE_AUTORELEASING = YES;
				CLANG_WARN_BOOL_CONVERSION = YES;
				CLANG_WARN_COMMA = YES;
				CLANG_WARN_CONSTANT_CONVERSION = YES;
				CLANG_WARN_DEPRECATED_OBJC_IMPLEMENTATIONS = YES;
				CLANG_WARN_DIRECT_OBJC_ISA_USAGE = YES_ERROR;
				CLANG_WARN_DOCUMENTATION_COMMENTS = YES;
				CLANG_WARN_EMPTY_BODY = YES;
				CLANG_WARN_ENUM_CONVERSION = YES;
				CLANG_WARN_INFINITE_RECURSION = YES;
				CLANG_WARN_INT_CONVERSION = YES;
				CLANG_WARN_NON_LITERAL_NULL_CONVERSION = YES;
				CLANG_WARN_OBJC_IMPLICIT_RETAIN_SELF = YES;
				CLANG_WARN_OBJC_LITERAL_CONVERSION = YES;
				CLANG_WARN_OBJC_ROOT_CLASS = YES_ERROR;
				CLANG_WARN_QUOTED_INCLUDE_IN_FRAMEWORK_HEADER = YES;
				CLANG_WARN_RANGE_LOOP_ANALYSIS = YES;
				CLANG_WARN_STRICT_PROTOTYPES = YES;
				CLANG_WARN_SUSPICIOUS_MOVE = YES;
				CLANG_WARN_UNGUARDED_AVAILABILITY = YES_AGGRESSIVE;
				CLANG_WARN_UNREACHABLE_CODE = YES;
				CLANG_WARN__DUPLICATE_METHOD_MATCH = YES;
				COPY_PHASE_STRIP = NO;
				DEBUG_INFORMATION_FORMAT = dwarf;
				ENABLE_STRICT_OBJC_MSGSEND = YES;
				ENABLE_TESTABILITY = YES;
				GCC_C_LANGUAGE_STANDARD = gnu11;
				GCC_DYNAMIC_NO_PIC = NO;
				GCC_NO_COMMON_BLOCKS = YES;
				GCC_OPTIMIZATION_LEVEL = 0;
				GCC_PREPROCESSOR_DEFINITIONS = (
					"DEBUG=1",
					"$(inherited)",
				);
				GCC_WARN_64_TO_32_BIT_CONVERSION = YES;
				GCC_WARN_ABOUT_RETURN_TYPE = YES_ERROR;
				GCC_WARN_UNDECLARED_SELECTOR = YES;
				GCC_WARN_UNINITIALIZED_AUTOS = YES_AGGRESSIVE;
				GCC_WARN_UNUSED_FUNCTION = YES;
				GCC_WARN_UNUSED_VARIABLE = YES;
				IPHONEOS_DEPLOYMENT_TARGET = 16.2;
				MTL_ENABLE_DEBUG_INFO = INCLUDE_SOURCE;
				MTL_FAST_MATH = YES;
				ONLY_ACTIVE_ARCH = YES;
				SDKROOT = iphoneos;
				SWIFT_ACTIVE_COMPILATION_CONDITIONS = DEBUG;
				SWIFT_OPTIMIZATION_LEVEL = "-Onone";
			};
			name = Debug;
		};
		7D944FB129B120E500FB33CA /* Release */ = {
			isa = XCBuildConfiguration;
			buildSettings = {
				ALWAYS_SEARCH_USER_PATHS = NO;
				CLANG_ANALYZER_NONNULL = YES;
				CLANG_ANALYZER_NUMBER_OBJECT_CONVERSION = YES_AGGRESSIVE;
				CLANG_CXX_LANGUAGE_STANDARD = "gnu++20";
				CLANG_ENABLE_MODULES = YES;
				CLANG_ENABLE_OBJC_ARC = YES;
				CLANG_ENABLE_OBJC_WEAK = YES;
				CLANG_WARN_BLOCK_CAPTURE_AUTORELEASING = YES;
				CLANG_WARN_BOOL_CONVERSION = YES;
				CLANG_WARN_COMMA = YES;
				CLANG_WARN_CONSTANT_CONVERSION = YES;
				CLANG_WARN_DEPRECATED_OBJC_IMPLEMENTATIONS = YES;
				CLANG_WARN_DIRECT_OBJC_ISA_USAGE = YES_ERROR;
				CLANG_WARN_DOCUMENTATION_COMMENTS = YES;
				CLANG_WARN_EMPTY_BODY = YES;
				CLANG_WARN_ENUM_CONVERSION = YES;
				CLANG_WARN_INFINITE_RECURSION = YES;
				CLANG_WARN_INT_CONVERSION = YES;
				CLANG_WARN_NON_LITERAL_NULL_CONVERSION = YES;
				CLANG_WARN_OBJC_IMPLICIT_RETAIN_SELF = YES;
				CLANG_WARN_OBJC_LITERAL_CONVERSION = YES;
				CLANG_WARN_OBJC_ROOT_CLASS = YES_ERROR;
				CLANG_WARN_QUOTED_INCLUDE_IN_FRAMEWORK_HEADER = YES;
				CLANG_WARN_RANGE_LOOP_ANALYSIS = YES;
				CLANG_WARN_STRICT_PROTOTYPES = YES;
				CLANG_WARN_SUSPICIOUS_MOVE = YES;
				CLANG_WARN_UNGUARDED_AVAILABILITY = YES_AGGRESSIVE;
				CLANG_WARN_UNREACHABLE_CODE = YES;
				CLANG_WARN__DUPLICATE_METHOD_MATCH = YES;
				COPY_PHASE_STRIP = NO;
				DEBUG_INFORMATION_FORMAT = "dwarf-with-dsym";
				ENABLE_NS_ASSERTIONS = NO;
				ENABLE_STRICT_OBJC_MSGSEND = YES;
				GCC_C_LANGUAGE_STANDARD = gnu11;
				GCC_NO_COMMON_BLOCKS = YES;
				GCC_WARN_64_TO_32_BIT_CONVERSION = YES;
				GCC_WARN_ABOUT_RETURN_TYPE = YES_ERROR;
				GCC_WARN_UNDECLARED_SELECTOR = YES;
				GCC_WARN_UNINITIALIZED_AUTOS = YES_AGGRESSIVE;
				GCC_WARN_UNUSED_FUNCTION = YES;
				GCC_WARN_UNUSED_VARIABLE = YES;
				IPHONEOS_DEPLOYMENT_TARGET = 16.2;
				MTL_ENABLE_DEBUG_INFO = NO;
				MTL_FAST_MATH = YES;
				SDKROOT = iphoneos;
				SWIFT_COMPILATION_MODE = wholemodule;
				SWIFT_OPTIMIZATION_LEVEL = "-O";
				VALIDATE_PRODUCT = YES;
			};
			name = Release;
		};
		7D944FB329B120E500FB33CA /* Debug */ = {
			isa = XCBuildConfiguration;
			buildSettings = {
				ASSETCATALOG_COMPILER_APPICON_NAME = AppIcon;
				ASSETCATALOG_COMPILER_GLOBAL_ACCENT_COLOR_NAME = AccentColor;
				ASSETCATALOG_COMPILER_INCLUDE_ALL_APPICON_ASSETS = YES;
				CODE_SIGN_STYLE = Manual;
				CURRENT_PROJECT_VERSION = 1;
				DEVELOPMENT_TEAM = "";
				ENVIRONMENT = DEV;
				GENERATE_INFOPLIST_FILE = YES;
				INFOPLIST_FILE = FTSearchTestLBC/Info.plist;
				INFOPLIST_KEY_CFBundleDisplayName = FTSearchTestLBC;
				INFOPLIST_KEY_UIApplicationSupportsIndirectInputEvents = YES;
				INFOPLIST_KEY_UILaunchStoryboardName = "";
				INFOPLIST_KEY_UIMainStoryboardFile = "";
				INFOPLIST_KEY_UISupportedInterfaceOrientations_iPad = "UIInterfaceOrientationPortrait UIInterfaceOrientationPortraitUpsideDown UIInterfaceOrientationLandscapeLeft UIInterfaceOrientationLandscapeRight";
				INFOPLIST_KEY_UISupportedInterfaceOrientations_iPhone = "UIInterfaceOrientationPortrait UIInterfaceOrientationLandscapeLeft UIInterfaceOrientationLandscapeRight";
				LD_RUNPATH_SEARCH_PATHS = (
					"$(inherited)",
					"@executable_path/Frameworks",
				);
				MARKETING_VERSION = 1.0;
				PRODUCT_BUNDLE_IDENTIFIER = com.kickyourapp.FTSearchTestLBC;
				PRODUCT_NAME = "$(TARGET_NAME)";
				PROVISIONING_PROFILE_SPECIFIER = "";
				SWIFT_EMIT_LOC_STRINGS = YES;
				SWIFT_VERSION = 5.0;
				TARGETED_DEVICE_FAMILY = "1,2";
			};
			name = Debug;
		};
		7D944FB429B120E500FB33CA /* Release */ = {
			isa = XCBuildConfiguration;
			buildSettings = {
				ASSETCATALOG_COMPILER_APPICON_NAME = AppIcon;
				ASSETCATALOG_COMPILER_GLOBAL_ACCENT_COLOR_NAME = AccentColor;
				ASSETCATALOG_COMPILER_INCLUDE_ALL_APPICON_ASSETS = YES;
				CODE_SIGN_STYLE = Manual;
				CURRENT_PROJECT_VERSION = 1;
				DEVELOPMENT_TEAM = "";
				ENVIRONMENT = PROD;
				GENERATE_INFOPLIST_FILE = YES;
				INFOPLIST_FILE = FTSearchTestLBC/Info.plist;
				INFOPLIST_KEY_CFBundleDisplayName = FTSearchTestLBC;
				INFOPLIST_KEY_UIApplicationSupportsIndirectInputEvents = YES;
				INFOPLIST_KEY_UILaunchStoryboardName = "";
				INFOPLIST_KEY_UIMainStoryboardFile = "";
				INFOPLIST_KEY_UISupportedInterfaceOrientations_iPad = "UIInterfaceOrientationPortrait UIInterfaceOrientationPortraitUpsideDown UIInterfaceOrientationLandscapeLeft UIInterfaceOrientationLandscapeRight";
				INFOPLIST_KEY_UISupportedInterfaceOrientations_iPhone = "UIInterfaceOrientationPortrait UIInterfaceOrientationLandscapeLeft UIInterfaceOrientationLandscapeRight";
				LD_RUNPATH_SEARCH_PATHS = (
					"$(inherited)",
					"@executable_path/Frameworks",
				);
				MARKETING_VERSION = 1.0;
				PRODUCT_BUNDLE_IDENTIFIER = com.kickyourapp.FTSearchTestLBC;
				PRODUCT_NAME = "$(TARGET_NAME)";
				PROVISIONING_PROFILE_SPECIFIER = "";
				SWIFT_EMIT_LOC_STRINGS = YES;
				SWIFT_VERSION = 5.0;
				TARGETED_DEVICE_FAMILY = "1,2";
			};
			name = Release;
		};
		7D944FB629B120E500FB33CA /* Debug */ = {
			isa = XCBuildConfiguration;
			buildSettings = {
				ALWAYS_EMBED_SWIFT_STANDARD_LIBRARIES = YES;
				BUNDLE_LOADER = "$(TEST_HOST)";
				CODE_SIGN_STYLE = Automatic;
				CURRENT_PROJECT_VERSION = 1;
				GENERATE_INFOPLIST_FILE = YES;
				IPHONEOS_DEPLOYMENT_TARGET = 16.2;
				MARKETING_VERSION = 1.0;
				PRODUCT_BUNDLE_IDENTIFIER = com.kickyourapp.FTSearchTestLBCTests;
				PRODUCT_NAME = "$(TARGET_NAME)";
				SWIFT_EMIT_LOC_STRINGS = NO;
				SWIFT_VERSION = 5.0;
				TARGETED_DEVICE_FAMILY = "1,2";
				TEST_HOST = "$(BUILT_PRODUCTS_DIR)/FTSearchTestLBC.app/$(BUNDLE_EXECUTABLE_FOLDER_PATH)/FTSearchTestLBC";
			};
			name = Debug;
		};
		7D944FB729B120E500FB33CA /* Release */ = {
			isa = XCBuildConfiguration;
			buildSettings = {
				ALWAYS_EMBED_SWIFT_STANDARD_LIBRARIES = YES;
				BUNDLE_LOADER = "$(TEST_HOST)";
				CODE_SIGN_STYLE = Automatic;
				CURRENT_PROJECT_VERSION = 1;
				GENERATE_INFOPLIST_FILE = YES;
				IPHONEOS_DEPLOYMENT_TARGET = 16.2;
				MARKETING_VERSION = 1.0;
				PRODUCT_BUNDLE_IDENTIFIER = com.kickyourapp.FTSearchTestLBCTests;
				PRODUCT_NAME = "$(TARGET_NAME)";
				SWIFT_EMIT_LOC_STRINGS = NO;
				SWIFT_VERSION = 5.0;
				TARGETED_DEVICE_FAMILY = "1,2";
				TEST_HOST = "$(BUILT_PRODUCTS_DIR)/FTSearchTestLBC.app/$(BUNDLE_EXECUTABLE_FOLDER_PATH)/FTSearchTestLBC";
			};
			name = Release;
		};
		7D944FB929B120E500FB33CA /* Debug */ = {
			isa = XCBuildConfiguration;
			buildSettings = {
				ALWAYS_EMBED_SWIFT_STANDARD_LIBRARIES = YES;
				CODE_SIGN_STYLE = Automatic;
				CURRENT_PROJECT_VERSION = 1;
				GENERATE_INFOPLIST_FILE = YES;
				MARKETING_VERSION = 1.0;
				PRODUCT_BUNDLE_IDENTIFIER = com.kickyourapp.FTSearchTestLBCUITests;
				PRODUCT_NAME = "$(TARGET_NAME)";
				SWIFT_EMIT_LOC_STRINGS = NO;
				SWIFT_VERSION = 5.0;
				TARGETED_DEVICE_FAMILY = "1,2";
				TEST_TARGET_NAME = FTSearchTestLBC;
			};
			name = Debug;
		};
		7D944FBA29B120E500FB33CA /* Release */ = {
			isa = XCBuildConfiguration;
			buildSettings = {
				ALWAYS_EMBED_SWIFT_STANDARD_LIBRARIES = YES;
				CODE_SIGN_STYLE = Automatic;
				CURRENT_PROJECT_VERSION = 1;
				GENERATE_INFOPLIST_FILE = YES;
				MARKETING_VERSION = 1.0;
				PRODUCT_BUNDLE_IDENTIFIER = com.kickyourapp.FTSearchTestLBCUITests;
				PRODUCT_NAME = "$(TARGET_NAME)";
				SWIFT_EMIT_LOC_STRINGS = NO;
				SWIFT_VERSION = 5.0;
				TARGETED_DEVICE_FAMILY = "1,2";
				TEST_TARGET_NAME = FTSearchTestLBC;
			};
			name = Release;
		};
/* End XCBuildConfiguration section */

/* Begin XCConfigurationList section */
		7D944F8329B120E400FB33CA /* Build configuration list for PBXProject "FTSearchTestLBC" */ = {
			isa = XCConfigurationList;
			buildConfigurations = (
				7D944FB029B120E500FB33CA /* Debug */,
				7D944FB129B120E500FB33CA /* Release */,
			);
			defaultConfigurationIsVisible = 0;
			defaultConfigurationName = Release;
		};
		7D944FB229B120E500FB33CA /* Build configuration list for PBXNativeTarget "FTSearchTestLBC" */ = {
			isa = XCConfigurationList;
			buildConfigurations = (
				7D944FB329B120E500FB33CA /* Debug */,
				7D944FB429B120E500FB33CA /* Release */,
			);
			defaultConfigurationIsVisible = 0;
			defaultConfigurationName = Release;
		};
		7D944FB529B120E500FB33CA /* Build configuration list for PBXNativeTarget "FTSearchTestLBCTests" */ = {
			isa = XCConfigurationList;
			buildConfigurations = (
				7D944FB629B120E500FB33CA /* Debug */,
				7D944FB729B120E500FB33CA /* Release */,
			);
			defaultConfigurationIsVisible = 0;
			defaultConfigurationName = Release;
		};
		7D944FB829B120E500FB33CA /* Build configuration list for PBXNativeTarget "FTSearchTestLBCUITests" */ = {
			isa = XCConfigurationList;
			buildConfigurations = (
				7D944FB929B120E500FB33CA /* Debug */,
				7D944FBA29B120E500FB33CA /* Release */,
			);
			defaultConfigurationIsVisible = 0;
			defaultConfigurationName = Release;
		};
/* End XCConfigurationList section */
	};
	rootObject = 7D944F8029B120E400FB33CA /* Project object */;
}
